
Microsoft Visual Studio Solution File, Format Version 12.00
# Visual Studio Version 17
VisualStudioVersion = 17.14.36414.22
MinimumVisualStudioVersion = 10.0.40219.1
Project("{FAE04EC0-301F-11D3-BF4B-00C04F79EFBC}") = "OOPV_Books.AppHost", "OOPV_Books.AppHost\OOPV_Books.AppHost.csproj", "{56B6148F-CCCC-4827-92B4-700D0CBDEA4A}"
EndProject
Project("{FAE04EC0-301F-11D3-BF4B-00C04F79EFBC}") = "OOPV_Books.ServiceDefaults", "OOPV_Books.ServiceDefaults\OOPV_Books.ServiceDefaults.csproj", "{EF9FA2B8-FA11-2D68-340E-CAD91F896E2D}"
EndProject
Project("{FAE04EC0-301F-11D3-BF4B-00C04F79EFBC}") = "OOPV_Books.ApiService", "OOPV_Books.ApiService\OOPV_Books.ApiService.csproj", "{5DFD74F9-2AF6-9A45-4600-958AF6B6617B}"
EndProject
Project("{FAE04EC0-301F-11D3-BF4B-00C04F79EFBC}") = "OOPV_Books.Web", "OOPV_Books.Web\OOPV_Books.Web.csproj", "{3C76B97E-3BAA-AF19-FBB8-BE51F79FFDA6}"
EndProject
Project("{FAE04EC0-301F-11D3-BF4B-00C04F79EFBC}") = "OOPV_Books.Tests", "OOPV_Books.Tests\OOPV_Books.Tests.csproj", "{9E50263C-773D-4643-B2EC-D44E2A602DFF}"
EndProject
Global
	GlobalSection(SolutionConfigurationPlatforms) = preSolution
		Debug|Any CPU = Debug|Any CPU
		Debug|x64 = Debug|x64
		Debug|x86 = Debug|x86
		Release|Any CPU = Release|Any CPU
		Release|x64 = Release|x64
		Release|x86 = Release|x86
	EndGlobalSection
	GlobalSection(ProjectConfigurationPlatforms) = postSolution
		{56B6148F-CCCC-4827-92B4-700D0CBDEA4A}.Debug|Any CPU.ActiveCfg = Debug|Any CPU
		{56B6148F-CCCC-4827-92B4-700D0CBDEA4A}.Debug|Any CPU.Build.0 = Debug|Any CPU
		{56B6148F-CCCC-4827-92B4-700D0CBDEA4A}.Debug|x64.ActiveCfg = Debug|Any CPU
		{56B6148F-CCCC-4827-92B4-700D0CBDEA4A}.Debug|x64.Build.0 = Debug|Any CPU
		{56B6148F-CCCC-4827-92B4-700D0CBDEA4A}.Debug|x86.ActiveCfg = Debug|Any CPU
		{56B6148F-CCCC-4827-92B4-700D0CBDEA4A}.Debug|x86.Build.0 = Debug|Any CPU
		{56B6148F-CCCC-4827-92B4-700D0CBDEA4A}.Release|Any CPU.ActiveCfg = Release|Any CPU
		{56B6148F-CCCC-4827-92B4-700D0CBDEA4A}.Release|Any CPU.Build.0 = Release|Any CPU
		{56B6148F-CCCC-4827-92B4-700D0CBDEA4A}.Release|x64.ActiveCfg = Release|Any CPU
		{56B6148F-CCCC-4827-92B4-700D0CBDEA4A}.Release|x64.Build.0 = Release|Any CPU
		{56B6148F-CCCC-4827-92B4-700D0CBDEA4A}.Release|x86.ActiveCfg = Release|Any CPU
		{56B6148F-CCCC-4827-92B4-700D0CBDEA4A}.Release|x86.Build.0 = Release|Any CPU
		{EF9FA2B8-FA11-2D68-340E-CAD91F896E2D}.Debug|Any CPU.ActiveCfg = Debug|Any CPU
		{EF9FA2B8-FA11-2D68-340E-CAD91F896E2D}.Debug|Any CPU.Build.0 = Debug|Any CPU
		{EF9FA2B8-FA11-2D68-340E-CAD91F896E2D}.Debug|x64.ActiveCfg = Debug|Any CPU
		{EF9FA2B8-FA11-2D68-340E-CAD91F896E2D}.Debug|x64.Build.0 = Debug|Any CPU
		{EF9FA2B8-FA11-2D68-340E-CAD91F896E2D}.Debug|x86.ActiveCfg = Debug|Any CPU
		{EF9FA2B8-FA11-2D68-340E-CAD91F896E2D}.Debug|x86.Build.0 = Debug|Any CPU
		{EF9FA2B8-FA11-2D68-340E-CAD91F896E2D}.Release|Any CPU.ActiveCfg = Release|Any CPU
		{EF9FA2B8-FA11-2D68-340E-CAD91F896E2D}.Release|Any CPU.Build.0 = Release|Any CPU
		{EF9FA2B8-FA11-2D68-340E-CAD91F896E2D}.Release|x64.ActiveCfg = Release|Any CPU
		{EF9FA2B8-FA11-2D68-340E-CAD91F896E2D}.Release|x64.Build.0 = Release|Any CPU
		{EF9FA2B8-FA11-2D68-340E-CAD91F896E2D}.Release|x86.ActiveCfg = Release|Any CPU
		{EF9FA2B8-FA11-2D68-340E-CAD91F896E2D}.Release|x86.Build.0 = Release|Any CPU
		{5DFD74F9-2AF6-9A45-4600-958AF6B6617B}.Debug|Any CPU.ActiveCfg = Debug|Any CPU
		{5DFD74F9-2AF6-9A45-4600-958AF6B6617B}.Debug|Any CPU.Build.0 = Debug|Any CPU
		{5DFD74F9-2AF6-9A45-4600-958AF6B6617B}.Debug|x64.ActiveCfg = Debug|Any CPU
		{5DFD74F9-2AF6-9A45-4600-958AF6B6617B}.Debug|x64.Build.0 = Debug|Any CPU
		{5DFD74F9-2AF6-9A45-4600-958AF6B6617B}.Debug|x86.ActiveCfg = Debug|Any CPU
		{5DFD74F9-2AF6-9A45-4600-958AF6B6617B}.Debug|x86.Build.0 = Debug|Any CPU
		{5DFD74F9-2AF6-9A45-4600-958AF6B6617B}.Release|Any CPU.ActiveCfg = Release|Any CPU
		{5DFD74F9-2AF6-9A45-4600-958AF6B6617B}.Release|Any CPU.Build.0 = Release|Any CPU
		{5DFD74F9-2AF6-9A45-4600-958AF6B6617B}.Release|x64.ActiveCfg = Release|Any CPU
		{5DFD74F9-2AF6-9A45-4600-958AF6B6617B}.Release|x64.Build.0 = Release|Any CPU
		{5DFD74F9-2AF6-9A45-4600-958AF6B6617B}.Release|x86.ActiveCfg = Release|Any CPU
		{5DFD74F9-2AF6-9A45-4600-958AF6B6617B}.Release|x86.Build.0 = Release|Any CPU
		{3C76B97E-3BAA-AF19-FBB8-BE51F79FFDA6}.Debug|Any CPU.ActiveCfg = Debug|Any CPU
		{3C76B97E-3BAA-AF19-FBB8-BE51F79FFDA6}.Debug|Any CPU.Build.0 = Debug|Any CPU
		{3C76B97E-3BAA-AF19-FBB8-BE51F79FFDA6}.Debug|x64.ActiveCfg = Debug|Any CPU
		{3C76B97E-3BAA-AF19-FBB8-BE51F79FFDA6}.Debug|x64.Build.0 = Debug|Any CPU
		{3C76B97E-3BAA-AF19-FBB8-BE51F79FFDA6}.Debug|x86.ActiveCfg = Debug|Any CPU
		{3C76B97E-3BAA-AF19-FBB8-BE51F79FFDA6}.Debug|x86.Build.0 = Debug|Any CPU
		{3C76B97E-3BAA-AF19-FBB8-BE51F79FFDA6}.Release|Any CPU.ActiveCfg = Release|Any CPU
		{3C76B97E-3BAA-AF19-FBB8-BE51F79FFDA6}.Release|Any CPU.Build.0 = Release|Any CPU
		{3C76B97E-3BAA-AF19-FBB8-BE51F79FFDA6}.Release|x64.ActiveCfg = Release|Any CPU
		{3C76B97E-3BAA-AF19-FBB8-BE51F79FFDA6}.Release|x64.Build.0 = Release|Any CPU
		{3C76B97E-3BAA-AF19-FBB8-BE51F79FFDA6}.Release|x86.ActiveCfg = Release|Any CPU
		{3C76B97E-3BAA-AF19-FBB8-BE51F79FFDA6}.Release|x86.Build.0 = Release|Any CPU
		{9E50263C-773D-4643-B2EC-D44E2A602DFF}.Debug|Any CPU.ActiveCfg = Debug|Any CPU
		{9E50263C-773D-4643-B2EC-D44E2A602DFF}.Debug|Any CPU.Build.0 = Debug|Any CPU
		{9E50263C-773D-4643-B2EC-D44E2A602DFF}.Debug|x64.ActiveCfg = Debug|Any CPU
		{9E50263C-773D-4643-B2EC-D44E2A602DFF}.Debug|x64.Build.0 = Debug|Any CPU
		{9E50263C-773D-4643-B2EC-D44E2A602DFF}.Debug|x86.ActiveCfg = Debug|Any CPU
		{9E50263C-773D-4643-B2EC-D44E2A602DFF}.Debug|x86.Build.0 = Debug|Any CPU
		{9E50263C-773D-4643-B2EC-D44E2A602DFF}.Release|Any CPU.ActiveCfg = Release|Any CPU
		{9E50263C-773D-4643-B2EC-D44E2A602DFF}.Release|Any CPU.Build.0 = Release|Any CPU
		{9E50263C-773D-4643-B2EC-D44E2A602DFF}.Release|x64.ActiveCfg = Release|Any CPU
		{9E50263C-773D-4643-B2EC-D44E2A602DFF}.Release|x64.Build.0 = Release|Any CPU
		{9E50263C-773D-4643-B2EC-D44E2A602DFF}.Release|x86.ActiveCfg = Release|Any CPU
		{9E50263C-773D-4643-B2EC-D44E2A602DFF}.Release|x86.Build.0 = Release|Any CPU
	EndGlobalSection
	GlobalSection(SolutionProperties) = preSolution
		HideSolutionNode = FALSE
	EndGlobalSection
	GlobalSection(ExtensibilityGlobals) = postSolution
		SolutionGuid = {B9298557-2A07-4391-8074-ABE3B6C6EA95}
	EndGlobalSection
EndGlobal
